
Microsoft Visual Studio Solution File, Format Version 12.00
# Visual Studio Version 17
VisualStudioVersion = 17.13.35825.156 d17.13
MinimumVisualStudioVersion = 10.0.40219.1
Project("{8BC9CEB8-8B4A-11D0-8D11-00A0C91BC942}") = "Launcher", "Launcher.vc17.vcxproj", "{CDC8BD0B-7929-4E83-8CE8-0AD11FD4124F}"
EndProject
Global
	GlobalSection(SolutionConfigurationPlatforms) = preSolution
		Debug|x64 = Debug|x64
		Release|x64 = Release|x64
	EndGlobalSection
	GlobalSection(ProjectConfigurationPlatforms) = postSolution
		{CDC8BD0B-7929-4E83-8CE8-0AD11FD4124F}.Debug|x64.ActiveCfg = Debug|x64
		{CDC8BD0B-7929-4E83-8CE8-0AD11FD4124F}.Debug|x64.Build.0 = Debug|x64
		{CDC8BD0B-7929-4E83-8CE8-0AD11FD4124F}.Release|x64.ActiveCfg = Release|x64
		{CDC8BD0B-7929-4E83-8CE8-0AD11FD4124F}.Release|x64.Build.0 = Release|x64
	EndGlobalSection
	GlobalSection(SolutionProperties) = preSolution
		HideSolutionNode = FALSE
	EndGlobalSection
	GlobalSection(ExtensibilityGlobals) = postSolution
		SolutionGuid = {1896C0EB-5B29-41F6-88F0-64178715C3B7}
	EndGlobalSection
EndGlobal
