<?xml version="1.0" encoding="utf-8"?>
<Project ToolsVersion="4.0" xmlns="http://schemas.microsoft.com/developer/msbuild/2003">
  <ItemGroup>
    <Filter Include="Source Files">
      <UniqueIdentifier>{4FC737F1-C7A5-4376-A066-2A32D752A2FF}</UniqueIdentifier>
      <Extensions>qml;cpp;c;cc;cxx;def;odl;idl;hpj;bat;asm;asmx</Extensions>
    </Filter>
    <Filter Include="Header Files">
      <UniqueIdentifier>{93995380-89BD-4b04-88EB-625FBE52EBFB}</UniqueIdentifier>
      <Extensions>h;hh;hpp;hxx;hm;inl;inc;xsd</Extensions>
    </Filter>
    <Filter Include="Resource Files">
      <UniqueIdentifier>{67DA6AB6-F800-4c08-8B7A-83BB121AAD01}</UniqueIdentifier>
      <Extensions>qrc;rc;ico;cur;bmp;dlg;rc2;rct;bin;rgs;gif;jpg;jpeg;jpe;resx;tiff;tif;png;wav;mfcribbon-ms</Extensions>
    </Filter>
    <Filter Include="Form Files">
      <UniqueIdentifier>{99349809-55BA-4b9d-BF79-8FDBB0286EB3}</UniqueIdentifier>
      <Extensions>ui</Extensions>
    </Filter>
    <Filter Include="Translation Files">
      <UniqueIdentifier>{639EADAA-A684-42e4-A9AD-28FC9BCB8F7C}</UniqueIdentifier>
      <Extensions>ts</Extensions>
    </Filter>
    <Filter Include="Config Files">
      <UniqueIdentifier>{ea632a63-e2cc-4559-b3d6-c62092d9f8be}</UniqueIdentifier>
    </Filter>
  </ItemGroup>
  <ItemGroup>
    <ClCompile Include="src\launcher.cpp">
      <Filter>Source Files</Filter>
    </ClCompile>
    <ClCompile Include="src\main.cpp">
      <Filter>Source Files</Filter>
    </ClCompile>
    <ClCompile Include="src\config_manager.cpp">
      <Filter>Source Files</Filter>
    </ClCompile>
    <ClCompile Include="src\webserver.cpp">
      <Filter>Source Files</Filter>
    </ClCompile>
    <ClCompile Include="src\custom_message_handler.cpp">
      <Filter>Source Files</Filter>
    </ClCompile>
    <ClCompile Include="src\version_manager.cpp">
      <Filter>Source Files</Filter>
    </ClCompile>
    <ClCompile Include="src\process.cpp">
      <Filter>Source Files</Filter>
    </ClCompile>
    <ClCompile Include="src\jsoneditor.cpp">
      <Filter>Source Files</Filter>
    </ClCompile>
    <ClCompile Include="src\processmanager.cpp">
      <Filter>Source Files</Filter>
    </ClCompile>
    <ClCompile Include="src\engineprocess.cpp">
      <Filter>Source Files</Filter>
    </ClCompile>
  </ItemGroup>
  <ItemGroup>
    <QtUic Include="src\launcher.ui">
      <Filter>Form Files</Filter>
    </QtUic>
    <QtUic Include="src\process.ui">
      <Filter>Form Files</Filter>
    </QtUic>
    <QtUic Include="src\jsoneditor.ui">
      <Filter>Form Files</Filter>
    </QtUic>
  </ItemGroup>
  <ItemGroup>
    <Image Include="src\Launcher.ico">
      <Filter>Resource Files</Filter>
    </Image>
  </ItemGroup>
  <ItemGroup>
    <QtRcc Include="src\launcher.qrc">
      <Filter>Resource Files</Filter>
    </QtRcc>
  </ItemGroup>
  <ItemGroup>
    <ResourceCompile Include="src\Launcher.rc">
      <Filter>Resource Files</Filter>
    </ResourceCompile>
  </ItemGroup>
  <ItemGroup>
    <QtMoc Include="src\launcher.h">
      <Filter>Header Files</Filter>
    </QtMoc>
    <QtMoc Include="src\webserver.h">
      <Filter>Header Files</Filter>
    </QtMoc>
    <QtMoc Include="src\process.h">
      <Filter>Header Files</Filter>
    </QtMoc>
    <QtMoc Include="src\jsoneditor.h">
      <Filter>Header Files</Filter>
    </QtMoc>
    <QtMoc Include="src\processmanager.h">
      <Filter>Header Files</Filter>
    </QtMoc>
    <QtMoc Include="src\engineprocess.h">
      <Filter>Header Files</Filter>
    </QtMoc>
  </ItemGroup>
  <ItemGroup>
    <None Include="run\config.sample.json">
      <Filter>Config Files</Filter>
    </None>
    <None Include="run\config.json">
      <Filter>Config Files</Filter>
    </None>
  </ItemGroup>
  <ItemGroup>
    <ClInclude Include="src\config_manager.h">
      <Filter>Header Files</Filter>
    </ClInclude>
    <ClInclude Include="src\custom_message_handler.h">
      <Filter>Header Files</Filter>
    </ClInclude>
    <ClInclude Include="src\version_manager.h">
      <Filter>Header Files</Filter>
    </ClInclude>
  </ItemGroup>
</Project>